
Microsoft Visual Studio Solution File, Format Version 12.00
# Visual Studio Version 16
VisualStudioVersion = 16.0.30804.86
MinimumVisualStudioVersion = 10.0.40219.1
Project("{9A19103F-16F7-4668-BE54-9A1E7A4F7556}") = "Faces.FacesApi", "Faces.FacesApi\Faces.FacesApi.csproj", "{C6290C8D-9862-4CCC-B6E6-32E41F7388AA}"
EndProject
Project("{9A19103F-16F7-4668-BE54-9A1E7A4F7556}") = "Faces.Tests.FacesApiTest", "Faces.Tests.FacesApiTest\Faces.Tests.FacesApiTest.csproj", "{75E0B448-6FCE-4118-95F2-CE7CC303DE59}"
EndProject
Project("{9A19103F-16F7-4668-BE54-9A1E7A4F7556}") = "Faces.Shared.Messaging.InterfacesConstants", "Faces.Shared.Messaging.InterfacesConstants\Faces.Shared.Messaging.InterfacesConstants.csproj", "{F3AB2FB0-ECF5-4138-99EE-CB0A16E8C7EA}"
EndProject
Project("{9A19103F-16F7-4668-BE54-9A1E7A4F7556}") = "Faces.WebMvc", "Faces.WebMvc\Faces.WebMvc.csproj", "{1C159D82-66C5-447A-A9EC-2FA1788ADDD7}"
EndProject
Project("{9A19103F-16F7-4668-BE54-9A1E7A4F7556}") = "Ordering.OrdersApi", "Ordering.OrdersApi\Ordering.OrdersApi.csproj", "{0C58E959-B00F-44DD-A63A-2AF7503624C5}"
EndProject
Project("{FAE04EC0-301F-11D3-BF4B-00C04F79EFBC}") = "Notifications.EmailService", "Notifications.EmailService\Notifications.EmailService.csproj", "{839C83A5-A2D8-4B89-A2D0-54380B85DC81}"
EndProject
Global
	GlobalSection(SolutionConfigurationPlatforms) = preSolution
		Debug|Any CPU = Debug|Any CPU
		Release|Any CPU = Release|Any CPU
	EndGlobalSection
	GlobalSection(ProjectConfigurationPlatforms) = postSolution
		{C6290C8D-9862-4CCC-B6E6-32E41F7388AA}.Debug|Any CPU.ActiveCfg = Debug|Any CPU
		{C6290C8D-9862-4CCC-B6E6-32E41F7388AA}.Debug|Any CPU.Build.0 = Debug|Any CPU
		{C6290C8D-9862-4CCC-B6E6-32E41F7388AA}.Release|Any CPU.ActiveCfg = Release|Any CPU
		{C6290C8D-9862-4CCC-B6E6-32E41F7388AA}.Release|Any CPU.Build.0 = Release|Any CPU
		{75E0B448-6FCE-4118-95F2-CE7CC303DE59}.Debug|Any CPU.ActiveCfg = Debug|Any CPU
		{75E0B448-6FCE-4118-95F2-CE7CC303DE59}.Debug|Any CPU.Build.0 = Debug|Any CPU
		{75E0B448-6FCE-4118-95F2-CE7CC303DE59}.Release|Any CPU.ActiveCfg = Release|Any CPU
		{75E0B448-6FCE-4118-95F2-CE7CC303DE59}.Release|Any CPU.Build.0 = Release|Any CPU
		{F3AB2FB0-ECF5-4138-99EE-CB0A16E8C7EA}.Debug|Any CPU.ActiveCfg = Debug|Any CPU
		{F3AB2FB0-ECF5-4138-99EE-CB0A16E8C7EA}.Debug|Any CPU.Build.0 = Debug|Any CPU
		{F3AB2FB0-ECF5-4138-99EE-CB0A16E8C7EA}.Release|Any CPU.ActiveCfg = Release|Any CPU
		{F3AB2FB0-ECF5-4138-99EE-CB0A16E8C7EA}.Release|Any CPU.Build.0 = Release|Any CPU
		{1C159D82-66C5-447A-A9EC-2FA1788ADDD7}.Debug|Any CPU.ActiveCfg = Debug|Any CPU
		{1C159D82-66C5-447A-A9EC-2FA1788ADDD7}.Debug|Any CPU.Build.0 = Debug|Any CPU
		{1C159D82-66C5-447A-A9EC-2FA1788ADDD7}.Release|Any CPU.ActiveCfg = Release|Any CPU
		{1C159D82-66C5-447A-A9EC-2FA1788ADDD7}.Release|Any CPU.Build.0 = Release|Any CPU
		{0C58E959-B00F-44DD-A63A-2AF7503624C5}.Debug|Any CPU.ActiveCfg = Debug|Any CPU
		{0C58E959-B00F-44DD-A63A-2AF7503624C5}.Debug|Any CPU.Build.0 = Debug|Any CPU
		{0C58E959-B00F-44DD-A63A-2AF7503624C5}.Release|Any CPU.ActiveCfg = Release|Any CPU
		{0C58E959-B00F-44DD-A63A-2AF7503624C5}.Release|Any CPU.Build.0 = Release|Any CPU
		{839C83A5-A2D8-4B89-A2D0-54380B85DC81}.Debug|Any CPU.ActiveCfg = Debug|Any CPU
		{839C83A5-A2D8-4B89-A2D0-54380B85DC81}.Debug|Any CPU.Build.0 = Debug|Any CPU
		{839C83A5-A2D8-4B89-A2D0-54380B85DC81}.Release|Any CPU.ActiveCfg = Release|Any CPU
		{839C83A5-A2D8-4B89-A2D0-54380B85DC81}.Release|Any CPU.Build.0 = Release|Any CPU
	EndGlobalSection
	GlobalSection(SolutionProperties) = preSolution
		HideSolutionNode = FALSE
	EndGlobalSection
	GlobalSection(ExtensibilityGlobals) = postSolution
		SolutionGuid = {52D07637-4C55-47FD-8C33-58ECD6F4EF3C}
	EndGlobalSection
EndGlobal
